
Microsoft Visual Studio Solution File, Format Version 12.00
# Visual Studio 15
VisualStudioVersion = 15.0.28307.852
MinimumVisualStudioVersion = 10.0.40219.1
Project("{FAE04EC0-301F-11D3-BF4B-00C04F79EFBC}") = "FoodAPI", "FoodAPI\FoodAPI.csproj", "{8540D3C3-8FA7-48B3-977E-01E9179DD032}"
EndProject
Global
	GlobalSection(SolutionConfigurationPlatforms) = preSolution
		Debug|Any CPU = Debug|Any CPU
		Release|Any CPU = Release|Any CPU
	EndGlobalSection
	GlobalSection(ProjectConfigurationPlatforms) = postSolution
		{8540D3C3-8FA7-48B3-977E-01E9179DD032}.Debug|Any CPU.ActiveCfg = Debug|Any CPU
		{8540D3C3-8FA7-48B3-977E-01E9179DD032}.Debug|Any CPU.Build.0 = Debug|Any CPU
		{8540D3C3-8FA7-48B3-977E-01E9179DD032}.Release|Any CPU.ActiveCfg = Release|Any CPU
		{8540D3C3-8FA7-48B3-977E-01E9179DD032}.Release|Any CPU.Build.0 = Release|Any CPU
	EndGlobalSection
	GlobalSection(SolutionProperties) = preSolution
		HideSolutionNode = FALSE
	EndGlobalSection
	GlobalSection(ExtensibilityGlobals) = postSolution
		SolutionGuid = {05DAD70F-3B3A-487F-B90F-9E77A8554DDC}
	EndGlobalSection
EndGlobal
